<?xml version="1.0" encoding="utf-8"?>
<Project ToolsVersion="4.0" xmlns="http://schemas.microsoft.com/developer/msbuild/2003">
  <ItemGroup>
    <Filter Include="ソース ファイル">
      <UniqueIdentifier>{4FC737F1-C7A5-4376-A066-2A32D752A2FF}</UniqueIdentifier>
      <Extensions>cpp;c;cc;cxx;c++;cppm;ixx;def;odl;idl;hpj;bat;asm;asmx</Extensions>
    </Filter>
    <Filter Include="ヘッダー ファイル">
      <UniqueIdentifier>{93995380-89BD-4b04-88EB-625FBE52EBFB}</UniqueIdentifier>
      <Extensions>h;hh;hpp;hxx;h++;hm;inl;inc;ipp;xsd</Extensions>
    </Filter>
    <Filter Include="リソース ファイル">
      <UniqueIdentifier>{67DA6AB6-F800-4c08-8B7A-83BB121AAD01}</UniqueIdentifier>
      <Extensions>rc;ico;cur;bmp;dlg;rc2;rct;bin;rgs;gif;jpg;jpeg;jpe;resx;tiff;tif;png;wav;mfcribbon-ms</Extensions>
    </Filter>
    <Filter Include="imgui">
      <UniqueIdentifier>{1a02096a-c296-43a1-833d-9b6d2855015c}</UniqueIdentifier>
    </Filter>
    <Filter Include="ソース ファイル\Engine">
      <UniqueIdentifier>{3864c616-3df5-4bcc-ab51-e25a7485c643}</UniqueIdentifier>
    </Filter>
    <Filter Include="ソース ファイル\Engine\Manager">
      <UniqueIdentifier>{3c5d80c7-3ce4-4ac6-9ab4-5e705d852552}</UniqueIdentifier>
    </Filter>
    <Filter Include="ソース ファイル\Engine\Manager\Input">
      <UniqueIdentifier>{ea8324d2-fbca-45eb-918d-e3f2e83ad7ff}</UniqueIdentifier>
    </Filter>
    <Filter Include="ソース ファイル\Engine\2d">
      <UniqueIdentifier>{fb00b052-4d3e-425a-ab61-3622994b8faf}</UniqueIdentifier>
    </Filter>
    <Filter Include="ソース ファイル\Engine\3d">
      <UniqueIdentifier>{65b758d7-b2ab-460b-a733-fa3a71ec7c14}</UniqueIdentifier>
    </Filter>
    <Filter Include="ソース ファイル\Engine\base">
      <UniqueIdentifier>{cde67e1e-525c-40c8-80de-e568b2b145b1}</UniqueIdentifier>
    </Filter>
    <Filter Include="ソース ファイル\Engine\math">
      <UniqueIdentifier>{1e9d5c62-dad5-4ce0-bd71-8ebde2865c91}</UniqueIdentifier>
    </Filter>
    <Filter Include="ソース ファイル\Application">
      <UniqueIdentifier>{0d0cf3b7-09fa-47a7-a66c-27c5c7d9cdf2}</UniqueIdentifier>
    </Filter>
    <Filter Include="ソース ファイル\Application\scene">
      <UniqueIdentifier>{2086c38f-2e02-4bac-a1bb-ace9d13111f0}</UniqueIdentifier>
    </Filter>
    <Filter Include="ソース ファイル\Application\base">
      <UniqueIdentifier>{fadac733-4040-4806-bdc7-6dda9696c063}</UniqueIdentifier>
    </Filter>
    <Filter Include="ヘッダー ファイル\Engine">
      <UniqueIdentifier>{5caf9ac8-65bd-42e7-b25c-9aa2b8ead9ad}</UniqueIdentifier>
    </Filter>
    <Filter Include="ヘッダー ファイル\Engine\Manager">
      <UniqueIdentifier>{dec59a6a-bec6-4ef2-8892-f572de8bf1c5}</UniqueIdentifier>
    </Filter>
    <Filter Include="ヘッダー ファイル\Engine\Manager\Input">
      <UniqueIdentifier>{2cf1a4e5-81d2-4a10-adc4-912c5aaf7f6c}</UniqueIdentifier>
    </Filter>
    <Filter Include="ヘッダー ファイル\Engine\math">
      <UniqueIdentifier>{47df619a-4026-41b5-bf7f-2c1fb9c61437}</UniqueIdentifier>
    </Filter>
    <Filter Include="ヘッダー ファイル\Engine\base">
      <UniqueIdentifier>{e6c72278-d96e-49b0-bc1c-8a5c08d1c1b7}</UniqueIdentifier>
    </Filter>
    <Filter Include="ヘッダー ファイル\Engine\3d">
      <UniqueIdentifier>{5b59383c-309f-4ace-b4b6-fa0702e7e471}</UniqueIdentifier>
    </Filter>
    <Filter Include="ヘッダー ファイル\Engine\2d">
      <UniqueIdentifier>{5d1fd690-8e9d-4aa6-9352-48fa1f26e73f}</UniqueIdentifier>
    </Filter>
    <Filter Include="ヘッダー ファイル\Application">
      <UniqueIdentifier>{a3809853-2fc2-42d7-b004-cdd2110d239d}</UniqueIdentifier>
    </Filter>
    <Filter Include="ヘッダー ファイル\Application\base">
      <UniqueIdentifier>{be1961d1-b95b-4192-a8f2-483705304105}</UniqueIdentifier>
    </Filter>
    <Filter Include="ヘッダー ファイル\Application\scene">
      <UniqueIdentifier>{be2ab43f-9598-4389-874f-3af816f02a59}</UniqueIdentifier>
    </Filter>
    <Filter Include="ソース ファイル\Application\objects">
      <UniqueIdentifier>{293eca02-fb9b-4ebb-ac01-3a5a3f37adde}</UniqueIdentifier>
    </Filter>
    <Filter Include="ソース ファイル\Engine\base\GraphicsPipline">
      <UniqueIdentifier>{7624a601-10d0-491d-a547-ffa56301bf03}</UniqueIdentifier>
    </Filter>
    <Filter Include="ヘッダー ファイル\Application\objects">
      <UniqueIdentifier>{3a88b2f9-2e1b-488f-9664-73d44a4bbcd7}</UniqueIdentifier>
    </Filter>
    <Filter Include="ヘッダー ファイル\Engine\base\GraphicsPipline">
      <UniqueIdentifier>{1f877550-1574-4ed8-b1d9-b9ac3ee9ca57}</UniqueIdentifier>
    </Filter>
  </ItemGroup>
  <ItemGroup>
    <ClCompile Include="main.cpp">
      <Filter>ソース ファイル</Filter>
    </ClCompile>
    <ClCompile Include="externals\imgui\imgui.cpp">
      <Filter>imgui</Filter>
    </ClCompile>
    <ClCompile Include="externals\imgui\imgui_demo.cpp">
      <Filter>imgui</Filter>
    </ClCompile>
    <ClCompile Include="externals\imgui\imgui_draw.cpp">
      <Filter>imgui</Filter>
    </ClCompile>
    <ClCompile Include="externals\imgui\imgui_impl_dx12.cpp">
      <Filter>imgui</Filter>
    </ClCompile>
    <ClCompile Include="externals\imgui\imgui_tables.cpp">
      <Filter>imgui</Filter>
    </ClCompile>
    <ClCompile Include="externals\imgui\imgui_widgets.cpp">
      <Filter>imgui</Filter>
    </ClCompile>
    <ClCompile Include="externals\imgui\imgui_impl_win32.cpp">
      <Filter>imgui</Filter>
    </ClCompile>
    <ClCompile Include="Engine\3d\Model.cpp">
      <Filter>ソース ファイル\Engine\3d</Filter>
    </ClCompile>
    <ClCompile Include="Engine\Engine.cpp">
      <Filter>ソース ファイル\Engine</Filter>
    </ClCompile>
    <ClCompile Include="Engine\Maneger\ImGuiManager.cpp">
      <Filter>ソース ファイル\Engine\Manager</Filter>
    </ClCompile>
    <ClCompile Include="Engine\base\DirectXCommon.cpp">
      <Filter>ソース ファイル\Engine\base</Filter>
    </ClCompile>
    <ClCompile Include="Engine\Maneger\Input\KeyInput.cpp">
      <Filter>ソース ファイル\Engine\Manager\Input</Filter>
    </ClCompile>
    <ClCompile Include="Engine\2d\Sprite.cpp">
      <Filter>ソース ファイル\Engine\2d</Filter>
    </ClCompile>
    <ClCompile Include="Engine\Maneger\TextureManeger.cpp">
      <Filter>ソース ファイル\Engine\Manager</Filter>
    </ClCompile>
    <ClCompile Include="Engine\base\WinApp.cpp">
      <Filter>ソース ファイル\Engine\base</Filter>
    </ClCompile>
    <ClCompile Include="Engine\3d\WorldTransform.cpp">
      <Filter>ソース ファイル\Engine\3d</Filter>
    </ClCompile>
    <ClCompile Include="Engine\3d\Mesh.cpp">
      <Filter>ソース ファイル\Engine\3d</Filter>
    </ClCompile>
    <ClCompile Include="application\scene\GameScene.cpp">
      <Filter>ソース ファイル\Application\scene</Filter>
    </ClCompile>
    <ClCompile Include="Engine\math\Math.cpp">
      <Filter>ソース ファイル\Engine\math</Filter>
    </ClCompile>
    <ClCompile Include="application\base\BaseCharacter.cpp">
      <Filter>ソース ファイル\Application\base</Filter>
    </ClCompile>
    <ClCompile Include="application\base\FollowCamera.cpp">
      <Filter>ソース ファイル\Application\base</Filter>
    </ClCompile>
    <ClCompile Include="application\base\Skydome.cpp">
      <Filter>ソース ファイル\Application\base</Filter>
    </ClCompile>
    <ClCompile Include="application\base\Ground.cpp">
      <Filter>ソース ファイル\Application\base</Filter>
    </ClCompile>
    <ClCompile Include="application\objects\Enemy.cpp">
      <Filter>ソース ファイル\Application\objects</Filter>
    </ClCompile>
    <ClCompile Include="application\objects\MoveFloor.cpp">
      <Filter>ソース ファイル\Application\objects</Filter>
    </ClCompile>
    <ClCompile Include="application\objects\Player.cpp">
      <Filter>ソース ファイル\Application\objects</Filter>
    </ClCompile>
    <ClCompile Include="Engine\base\GraphicsPipeline\GraphicsPipeline.cpp">
      <Filter>ソース ファイル\Engine\base\GraphicsPipline</Filter>
    </ClCompile>
    <ClCompile Include="Engine\3d\ViewProjection.cpp">
      <Filter>ソース ファイル\Engine\3d</Filter>
    </ClCompile>
    <ClCompile Include="Engine\Maneger\StringUtility.cpp">
      <Filter>ソース ファイル\Engine\base</Filter>
    </ClCompile>
    <ClCompile Include="Engine\3d\Sphere.cpp">
      <Filter>ソース ファイル\Engine\3d</Filter>
    </ClCompile>
  </ItemGroup>
  <ItemGroup>
    <FxCompile Include="Engine\Shader\Object3d.VS.hlsl" />
    <FxCompile Include="Engine\Shader\Object3d.PS.hlsl" />
  </ItemGroup>
  <ItemGroup>
    <ClInclude Include="externals\imgui\imconfig.h">
      <Filter>imgui</Filter>
    </ClInclude>
    <ClInclude Include="externals\imgui\imgui.h">
      <Filter>imgui</Filter>
    </ClInclude>
    <ClInclude Include="externals\imgui\imgui_impl_dx12.h">
      <Filter>imgui</Filter>
    </ClInclude>
    <ClInclude Include="externals\imgui\imgui_internal.h">
      <Filter>imgui</Filter>
    </ClInclude>
    <ClInclude Include="externals\imgui\imstb_rectpack.h">
      <Filter>imgui</Filter>
    </ClInclude>
    <ClInclude Include="externals\imgui\imstb_textedit.h">
      <Filter>imgui</Filter>
    </ClInclude>
    <ClInclude Include="externals\imgui\imstb_truetype.h">
      <Filter>imgui</Filter>
    </ClInclude>
    <ClInclude Include="externals\imgui\imgui_impl_win32.h">
      <Filter>imgui</Filter>
    </ClInclude>
    <ClInclude Include="Engine\Engine.h">
      <Filter>ヘッダー ファイル</Filter>
    </ClInclude>
    <ClInclude Include="Engine\base\DirectXCommon.h">
      <Filter>ヘッダー ファイル\Engine\base</Filter>
    </ClInclude>
    <ClInclude Include="Engine\Maneger\ImGuiManager.h">
      <Filter>ヘッダー ファイル\Engine\Manager</Filter>
    </ClInclude>
    <ClInclude Include="Engine\Maneger\Input\KeyInput.h">
      <Filter>ヘッダー ファイル\Engine\Manager\Input</Filter>
    </ClInclude>
    <ClInclude Include="Engine\2d\Sprite.h">
      <Filter>ヘッダー ファイル\Engine\2d</Filter>
    </ClInclude>
    <ClInclude Include="Engine\base\WinApp.h">
      <Filter>ヘッダー ファイル\Engine\base</Filter>
    </ClInclude>
    <ClInclude Include="Engine\Maneger\TextureManeger.h">
      <Filter>ヘッダー ファイル\Engine\Manager</Filter>
    </ClInclude>
    <ClInclude Include="Engine\3d\Model.h">
      <Filter>ヘッダー ファイル\Engine\3d</Filter>
    </ClInclude>
    <ClInclude Include="Engine\3d\Mesh.h">
      <Filter>ヘッダー ファイル\Engine\3d</Filter>
    </ClInclude>
    <ClInclude Include="Engine\math\Math.h">
      <Filter>ヘッダー ファイル\Engine\math</Filter>
    </ClInclude>
    <ClInclude Include="Engine\3d\ViewProjection.h">
      <Filter>ヘッダー ファイル\Engine\3d</Filter>
    </ClInclude>
    <ClInclude Include="Engine\3d\WorldTransform.h">
      <Filter>ヘッダー ファイル\Engine\3d</Filter>
    </ClInclude>
    <ClInclude Include="application\base\BaseCharacter.h">
      <Filter>ヘッダー ファイル\Application\base</Filter>
    </ClInclude>
    <ClInclude Include="application\base\FollowCamera.h">
      <Filter>ヘッダー ファイル\Application\base</Filter>
    </ClInclude>
    <ClInclude Include="application\scene\GameScene.h">
      <Filter>ヘッダー ファイル\Application\scene</Filter>
    </ClInclude>
    <ClInclude Include="application\base\Ground.h">
      <Filter>ヘッダー ファイル\Application\base</Filter>
    </ClInclude>
    <ClInclude Include="application\base\Skydome.h">
      <Filter>ヘッダー ファイル\Application\base</Filter>
    </ClInclude>
    <ClInclude Include="Engine\Maneger\StringUtility.h">
      <Filter>ヘッダー ファイル\Engine\base</Filter>
    </ClInclude>
    <ClInclude Include="application\objects\Enemy.h">
      <Filter>ヘッダー ファイル\Application\objects</Filter>
    </ClInclude>
    <ClInclude Include="application\objects\MoveFloor.h">
      <Filter>ヘッダー ファイル\Application\objects</Filter>
    </ClInclude>
    <ClInclude Include="application\objects\Player.h">
      <Filter>ヘッダー ファイル\Application\objects</Filter>
    </ClInclude>
    <ClInclude Include="Engine\3d\Sphere.h">
      <Filter>ヘッダー ファイル\Engine\3d</Filter>
    </ClInclude>
    <ClInclude Include="Engine\base\GraphicsPipeline\GraphicsPipeline.h">
      <Filter>ヘッダー ファイル\Engine\base\GraphicsPipline</Filter>
    </ClInclude>
  </ItemGroup>
  <ItemGroup>
    <Text Include="externals\imgui\LICENSE.txt">
      <Filter>imgui</Filter>
    </Text>
  </ItemGroup>
  <ItemGroup>
    <None Include="Engine\Shader\Object3d.hlsli" />
  </ItemGroup>
</Project>