<?xml version="1.0" encoding="utf-8"?>
<Project ToolsVersion="4.0" xmlns="http://schemas.microsoft.com/developer/msbuild/2003">
  <ItemGroup>
    <FxCompile Include="resources\hlsl\PostEffect.PS.hlsl" />
    <FxCompile Include="resources\hlsl\Fullscreen.VS.hlsl" />
    <FxCompile Include="resources\hlsl\Object3d.PS.hlsl" />
    <FxCompile Include="resources\hlsl\Object3d.VS.hlsl" />
    <FxCompile Include="resources\hlsl\Particle.PS.hlsl" />
    <FxCompile Include="resources\hlsl\Particle.VS.hlsl" />
    <FxCompile Include="resources\hlsl\SkinningObject3d.VS.hlsl" />
    <FxCompile Include="resources\hlsl\SpritePS.hlsl" />
    <FxCompile Include="resources\hlsl\SpriteVS.hlsl" />
    <FxCompile Include="resources\hlsl\Line.PS.hlsl" />
  </ItemGroup>
  <ItemGroup>
    <ClCompile Include="Application\base\BaseCharacter.cpp" />
    <ClCompile Include="Application\base\camera\followCamera.cpp" />
    <ClCompile Include="Application\base\Skydome.cpp" />
    <ClCompile Include="Application\Game\game.cpp" />
    <ClCompile Include="Application\scene\ClearScene.cpp" />
    <ClCompile Include="Application\scene\GameScene.cpp" />
    <ClCompile Include="Application\scene\LoadScene.cpp" />
    <ClCompile Include="Application\scene\OverScene.cpp" />
    <ClCompile Include="Application\scene\SceneFactory.cpp" />
    <ClCompile Include="Application\scene\TitleScene.cpp" />
    <ClCompile Include="Engine\2d\Sprite.cpp" />
    <ClCompile Include="Engine\3d\Mesh.cpp" />
    <ClCompile Include="Engine\3d\Model.cpp" />
    <ClCompile Include="Engine\3d\Sphere.cpp" />
    <ClCompile Include="Engine\3d\ViewProjection.cpp" />
    <ClCompile Include="Engine\3d\WorldTransform.cpp" />
    <ClCompile Include="Engine\Animation\Animation.cpp" />
    <ClCompile Include="Engine\Animation\Skeleton.cpp" />
    <ClCompile Include="Engine\Animation\Skinning.cpp" />
    <ClCompile Include="Engine\Audio\Audio.cpp" />
    <ClCompile Include="Engine\base\DescriptorHeap.cpp" />
    <ClCompile Include="Engine\base\DirectXCommon.cpp" />
    <ClCompile Include="Engine\base\SwapChain.cpp" />
    <ClCompile Include="Engine\base\WinApp.cpp" />
    <ClCompile Include="Engine\CollisionManager\CollisionManager.cpp" />
    <ClCompile Include="Engine\Engine.cpp" />
    <ClCompile Include="Engine\Framework\Framework.cpp" />
    <ClCompile Include="Engine\Framework\SceneManager.cpp" />
    <ClCompile Include="Engine\Manager\ModelManager.cpp" />
    <ClCompile Include="Engine\Math\math.cpp" />
    <ClCompile Include="Engine\PostEffects\PostEffect.cpp" />
    <ClCompile Include="externals\imgui\imgui.cpp" />
    <ClCompile Include="externals\imgui\imgui_demo.cpp" />
    <ClCompile Include="externals\imgui\imgui_draw.cpp" />
    <ClCompile Include="externals\imgui\imgui_impl_dx12.cpp" />
    <ClCompile Include="externals\imgui\imgui_impl_win32.cpp" />
    <ClCompile Include="externals\imgui\imgui_tables.cpp" />
    <ClCompile Include="externals\imgui\imgui_widgets.cpp" />
    <ClCompile Include="Engine\base\GraphisPipeline\GraphicsPipeline.cpp" />
    <ClCompile Include="Engine\Manager\ImGuiManager.cpp" />
    <ClCompile Include="Engine\Manager\Input\Input.cpp" />
    <ClCompile Include="Application\base\GlobalVariables\GlobalVariables.cpp" />
    <ClCompile Include="main.cpp" />
    <ClCompile Include="Engine\particle\Particle.cpp" />
    <ClCompile Include="Application\objectos\Player.cpp" />
    <ClCompile Include="Engine\base\StringUtility.cpp" />
    <ClCompile Include="Engine\Manager\TextureManeger.cpp" />
    <ClCompile Include="Engine\3d\Line.cpp" />
  </ItemGroup>
  <ItemGroup>
    <ClInclude Include="Application\base\BaseCharacter.h" />
    <ClInclude Include="Application\base\camera\followCamera.h" />
    <ClInclude Include="Application\base\Skydome.h" />
    <ClInclude Include="Application\Game\game.h" />
    <ClInclude Include="Application\scene\ClearScene.h" />
    <ClInclude Include="Application\scene\GameScene.h" />
    <ClInclude Include="Application\scene\LoadScene.h" />
    <ClInclude Include="Application\scene\OverScene.h" />
    <ClInclude Include="Application\scene\SceneFactory.h" />
    <ClInclude Include="Application\scene\TitleScene.h" />
    <ClInclude Include="Engine\2d\Sprite.h" />
    <ClInclude Include="Engine\3d\Mesh.h" />
    <ClInclude Include="Engine\3d\Model.h" />
    <ClInclude Include="Engine\3d\Sphere.h" />
    <ClInclude Include="Engine\3d\ViewProjection.h" />
    <ClInclude Include="Engine\3d\WorldTransform.h" />
    <ClInclude Include="Engine\Animation\Animation.h" />
    <ClInclude Include="Engine\Animation\Skeleton.h" />
    <ClInclude Include="Engine\Animation\Skinning.h" />
    <ClInclude Include="Engine\Audio\Audio.h" />
    <ClInclude Include="Engine\base\DescriptorHandle.h" />
    <ClInclude Include="Engine\base\DescriptorHeap.h" />
    <ClInclude Include="Engine\base\DirectXCommon.h" />
    <ClInclude Include="Engine\base\SwapChain.h" />
    <ClInclude Include="Engine\base\WinApp.h" />
    <ClInclude Include="Engine\CollisionManager\Collider.h" />
    <ClInclude Include="Engine\CollisionManager\CollisionConfig.h" />
    <ClInclude Include="Engine\CollisionManager\CollisionManager.h" />
    <ClInclude Include="Engine\Engine.h" />
    <ClInclude Include="Engine\Framework\AbstractSceneFactory.h" />
    <ClInclude Include="Engine\Framework\Framework.h" />
    <ClInclude Include="Engine\Framework\IScene.h" />
    <ClInclude Include="Engine\Framework\SceneManager.h" />
    <ClInclude Include="Engine\Manager\ModelManager.h" />
    <ClInclude Include="Engine\Math\math.h" />
    <ClInclude Include="Engine\Math\Quaternion.h" />
    <ClInclude Include="Engine\PostEffects\PostEffect.h" />
    <ClInclude Include="externals\imgui\imconfig.h" />
    <ClInclude Include="externals\imgui\imgui.h" />
    <ClInclude Include="externals\imgui\imgui_impl_dx12.h" />
    <ClInclude Include="externals\imgui\imgui_impl_win32.h" />
    <ClInclude Include="externals\imgui\imgui_internal.h" />
    <ClInclude Include="externals\imgui\imstb_rectpack.h" />
    <ClInclude Include="externals\imgui\imstb_textedit.h" />
    <ClInclude Include="externals\imgui\imstb_truetype.h" />
    <ClInclude Include="Engine\base\GraphisPipeline\GraphicsPipeline.h" />
    <ClInclude Include="Engine\Manager\ImGuiManager.h" />
    <ClInclude Include="Engine\Manager\Input\Input.h" />
    <ClInclude Include="Engine\particle\Particle.h" />
    <ClInclude Include="Application\objectos\Player.h" />
    <ClInclude Include="Engine\base\StringUtility.h" />
    <ClInclude Include="Engine\Manager\TextureManeger.h" />
    <ClInclude Include="Application\base\GlobalVariables\GlobalVariables.h" />
    <ClInclude Include="Engine\3d\Line.h" />
  </ItemGroup>
  <ItemGroup>
    <None Include="resources\hlsl\Fullscreen.hlsli" />
    <None Include="resources\hlsl\Object3d.hlsli" />
    <None Include="resources\hlsl\Particle.hlsli" />
    <None Include="resources\hlsl\Sprite.hlsli" />
  </ItemGroup>
  <ItemGroup>
    <Text Include="externals\imgui\LICENSE.txt" />
  </ItemGroup>
</Project>